
Microsoft Visual Studio Solution File, Format Version 12.00
# Visual Studio Version 16
VisualStudioVersion = 16.0.30711.63
MinimumVisualStudioVersion = 10.0.40219.1
Project("{FAE04EC0-301F-11D3-BF4B-00C04F79EFBC}") = "All Stars Hotel Management System", "All Stars Hotel Management System\All Stars Hotel Management System.csproj", "{4E062778-D3FD-4715-BE13-F641C850EB61}"
EndProject
Global
	GlobalSection(SolutionConfigurationPlatforms) = preSolution
		Debug|Any CPU = Debug|Any CPU
		Release|Any CPU = Release|Any CPU
	EndGlobalSection
	GlobalSection(ProjectConfigurationPlatforms) = postSolution
		{4E062778-D3FD-4715-BE13-F641C850EB61}.Debug|Any CPU.ActiveCfg = Debug|Any CPU
		{4E062778-D3FD-4715-BE13-F641C850EB61}.Debug|Any CPU.Build.0 = Debug|Any CPU
		{4E062778-D3FD-4715-BE13-F641C850EB61}.Release|Any CPU.ActiveCfg = Release|Any CPU
		{4E062778-D3FD-4715-BE13-F641C850EB61}.Release|Any CPU.Build.0 = Release|Any CPU
	EndGlobalSection
	GlobalSection(SolutionProperties) = preSolution
		HideSolutionNode = FALSE
	EndGlobalSection
	GlobalSection(ExtensibilityGlobals) = postSolution
		SolutionGuid = {F3423B47-E799-4A8C-8334-DDDEC247F11C}
	EndGlobalSection
EndGlobal
